
Microsoft Visual Studio Solution File, Format Version 12.00
# Visual Studio 14
VisualStudioVersion = 14.0.23107.0
MinimumVisualStudioVersion = 10.0.40219.1
Project("{2150E333-8FDC-42A3-9474-1A3956D46DE8}") = "Scripts", "Scripts", "{390EB58F-4865-40DE-A817-6A81DBDEA714}"
	ProjectSection(SolutionItems) = preProject
		Scripts\Install_RSS-Reader-Monitor.BAT = Scripts\Install_RSS-Reader-Monitor.BAT
		Scripts\Install_UAS-Client.BAT = Scripts\Install_UAS-Client.BAT
		Scripts\Install_UAS-Server.BAT = Scripts\Install_UAS-Server.BAT
		Scripts\Install_UAS.BAT = Scripts\Install_UAS.BAT
	EndProjectSection
EndProject
Project("{2150E333-8FDC-42A3-9474-1A3956D46DE8}") = "Algorithm", "Algorithm", "{6C9C88E7-7A2A-43A3-A6FC-88F8FE787691}"
EndProject
Project("{2150E333-8FDC-42A3-9474-1A3956D46DE8}") = "DataStructure", "DataStructure", "{B3D78097-ADD5-40FB-B6ED-BCEEE381210F}"
EndProject
Project("{FAE04EC0-301F-11D3-BF4B-00C04F79EFBC}") = "Nzl.Algorithm", "Algorithm\Nzl.Algorithm\Nzl.Algorithm.csproj", "{3A7D554D-1255-40EC-B899-2A53FD2B3192}"
EndProject
Project("{FAE04EC0-301F-11D3-BF4B-00C04F79EFBC}") = "Nzl.Algorithm.DynamicProgramming", "Algorithm\Nzl.Algorithm.DynamicProgramming\Nzl.Algorithm.DynamicProgramming.csproj", "{C1C55A0D-4EA6-412C-8327-6A6B20FA21BB}"
EndProject
Project("{FAE04EC0-301F-11D3-BF4B-00C04F79EFBC}") = "Nzl.Algorithm.Hashing", "Algorithm\Nzl.Algorithm.Hashing\Nzl.Algorithm.Hashing.csproj", "{804C864A-7855-40C9-8F5A-B5493E11F524}"
EndProject
Project("{FAE04EC0-301F-11D3-BF4B-00C04F79EFBC}") = "Nzl.Algorithm.OrderStatistic", "Algorithm\Nzl.Algorithm.OrderStatistics\Nzl.Algorithm.OrderStatistic.csproj", "{E2FD571B-A9CC-40C3-A7FE-C205990D9EDC}"
EndProject
Project("{FAE04EC0-301F-11D3-BF4B-00C04F79EFBC}") = "Nzl.Algorithm.Selection", "Algorithm\Nzl.Algorithm.Selection\Nzl.Algorithm.Selection.csproj", "{6F242EA5-420C-49A1-A539-563C133A5214}"
EndProject
Project("{FAE04EC0-301F-11D3-BF4B-00C04F79EFBC}") = "Nzl.Algorithm.Sort", "Algorithm\Nzl.Algorithm.Sort\Nzl.Algorithm.Sort.csproj", "{81AE7B79-72B2-4849-B564-C30C4EF02F4C}"
EndProject
Project("{FAE04EC0-301F-11D3-BF4B-00C04F79EFBC}") = "Nzl.DataStructure", "DataStructure\Nzl.DataStructure\Nzl.DataStructure.csproj", "{152B3524-65C9-4C12-96BF-E99A7DFB5A0F}"
EndProject
Project("{FAE04EC0-301F-11D3-BF4B-00C04F79EFBC}") = "Nzl.DataStructure.Basic", "DataStructure\Nzl.DataStructure.Basic\Nzl.DataStructure.Basic.csproj", "{333B5704-9A49-4FBA-A541-BD8AFD2C0583}"
EndProject
Project("{FAE04EC0-301F-11D3-BF4B-00C04F79EFBC}") = "Nzl.DataStructure.BinarySearchTree", "DataStructure\Nzl.DataStructure.BinarySearchTree\Nzl.DataStructure.BinarySearchTree.csproj", "{ADCCA630-9048-457F-A296-000C3286C104}"
EndProject
Project("{FAE04EC0-301F-11D3-BF4B-00C04F79EFBC}") = "Nzl.DataStructure.Graph", "DataStructure\Nzl.DataStructure.Graph\Nzl.DataStructure.Graph.csproj", "{1D16B1B1-E6F3-4A28-9505-F9BE211E65C7}"
EndProject
Project("{FAE04EC0-301F-11D3-BF4B-00C04F79EFBC}") = "Nzl.DataStructure.HashTable", "DataStructure\Nzl.DataStructure.HashTable\Nzl.DataStructure.HashTable.csproj", "{06DFDD36-3988-4A62-893E-63C3F045A166}"
EndProject
Project("{FAE04EC0-301F-11D3-BF4B-00C04F79EFBC}") = "Nzl.DataStructure.RedBlackTree", "DataStructure\Nzl.DataStructure.RedBlackTree\Nzl.DataStructure.RedBlackTree.csproj", "{5EA8ABF0-C091-43C6-B5DB-D6811C8BBA79}"
EndProject
Project("{2150E333-8FDC-42A3-9474-1A3956D46DE8}") = "Test", "Test", "{125EB2D9-1EB5-4A3D-BBC8-0BFE3E9B0A01}"
EndProject
Project("{FAE04EC0-301F-11D3-BF4B-00C04F79EFBC}") = "Nzl.Test.Algorithm", "Test\Nzl.Test.Algorithm\Nzl.Test.Algorithm.csproj", "{CC66877D-1318-489F-A26C-6B4E035C3846}"
EndProject
Project("{FAE04EC0-301F-11D3-BF4B-00C04F79EFBC}") = "Nzl.Test.Bag", "Test\Nzl.Test.Bag\Nzl.Test.Bag.csproj", "{B62A8E47-F267-42D6-8A71-775C36A43EA1}"
EndProject
Project("{FAE04EC0-301F-11D3-BF4B-00C04F79EFBC}") = "Nzl.Test.CourseScheduling", "Test\Nzl.Test.CourseScheduling\Nzl.Test.CourseScheduling.csproj", "{F842397F-EDFE-41C6-854F-02C6981CBE8B}"
EndProject
Project("{FAE04EC0-301F-11D3-BF4B-00C04F79EFBC}") = "Nzl.Test.Hook", "Test\Nzl.Test.Hook\Nzl.Test.Hook.csproj", "{448CEA7A-BBFF-4C99-8620-A425DB35373F}"
EndProject
Project("{FAE04EC0-301F-11D3-BF4B-00C04F79EFBC}") = "Nzl.Test.HookClient", "Test\Nzl.Test.HookClient\Nzl.Test.HookClient.csproj", "{5240BE91-C458-43E6-A9BF-57CFCDD68AC0}"
EndProject
Project("{FAE04EC0-301F-11D3-BF4B-00C04F79EFBC}") = "Nzl.Test.HookServer", "Test\Nzl.Test.HookServer\Nzl.Test.HookServer.csproj", "{2CBC6E3C-8051-4384-B66E-6918530E5E55}"
EndProject
Project("{FAE04EC0-301F-11D3-BF4B-00C04F79EFBC}") = "Nzl.Test.Misc", "Test\Nzl.Test.Misc\Nzl.Test.Misc.csproj", "{536C05E2-0739-4539-BC0E-58D3CC983F7A}"
EndProject
Project("{FAE04EC0-301F-11D3-BF4B-00C04F79EFBC}") = "Nzl.Test.MiscLib", "Test\Nzl.Test.MiscLib\Nzl.Test.MiscLib.csproj", "{EDE21CF4-187D-44B1-B0E3-5189F0C9C8EC}"
EndProject
Project("{FAE04EC0-301F-11D3-BF4B-00C04F79EFBC}") = "Nzl.Test.QueueSystem", "Test\Nzl.Test.QueueSystem\Nzl.Test.QueueSystem.csproj", "{D8D0E9AC-83E6-4EFF-9CE8-ADBC1CB8FBC2}"
EndProject
Project("{2150E333-8FDC-42A3-9474-1A3956D46DE8}") = "Core", "Core", "{63FFDA7B-6E07-4E4B-A096-88D5925126E2}"
EndProject
Project("{2150E333-8FDC-42A3-9474-1A3956D46DE8}") = "Util", "Util", "{F0889911-4D87-4708-A948-B2869CC3B8A5}"
EndProject
Project("{2150E333-8FDC-42A3-9474-1A3956D46DE8}") = "Components", "Components", "{362DE052-0617-4DB4-AECD-1AA8DD42A90D}"
EndProject
Project("{FAE04EC0-301F-11D3-BF4B-00C04F79EFBC}") = "Nzl.Core", "Core\Nzl.Core\Nzl.Core.csproj", "{6546DB92-03A3-4690-B60F-322D1B4F5660}"
EndProject
Project("{FAE04EC0-301F-11D3-BF4B-00C04F79EFBC}") = "Nzl.Core.Interface", "Core\Nzl.Core.Interface\Nzl.Core.Interface.csproj", "{20D023A0-3B04-4331-9865-C162CD3EE61E}"
EndProject
Project("{FAE04EC0-301F-11D3-BF4B-00C04F79EFBC}") = "Nzl.Util", "Util\Nzl.Util\Nzl.Util.csproj", "{B9DE9CFF-D84E-4BF9-A615-CF7F4519F139}"
EndProject
Project("{FAE04EC0-301F-11D3-BF4B-00C04F79EFBC}") = "Nzl.Hook", "Components\Nzl.Hook\Nzl.Hook.csproj", "{6ECA3D2E-3F31-4EB2-AB38-CD4E1D4ABEE9}"
EndProject
Project("{FAE04EC0-301F-11D3-BF4B-00C04F79EFBC}") = "Nzl.Log4Net", "Components\Nzl.Log4Net\Nzl.Log4Net.csproj", "{181FE707-E161-4722-9F38-6AAAB6FAA106}"
EndProject
Project("{2150E333-8FDC-42A3-9474-1A3956D46DE8}") = "ML", "ML", "{90466E26-24E9-423D-BFB5-75CFA6DF1372}"
EndProject
Project("{FAE04EC0-301F-11D3-BF4B-00C04F79EFBC}") = "Nzl.ML", "ML\Nzl.ML\Nzl.ML.csproj", "{B2AC0627-5D46-4CD4-9C3E-C79B99743C2E}"
EndProject
Project("{2150E333-8FDC-42A3-9474-1A3956D46DE8}") = "Web", "Web", "{0AAC568F-AC91-4527-AFA8-881D0800EF59}"
EndProject
Project("{FAE04EC0-301F-11D3-BF4B-00C04F79EFBC}") = "Nzl.Web.Forms", "Web\Nzl.Web.Forms\Nzl.Web.Forms.csproj", "{9DC40309-C743-477E-B319-C47FA0875759}"
	ProjectSection(ProjectDependencies) = postProject
		{C5CD7FF9-FB2D-47E1-966B-E46F169DA312} = {C5CD7FF9-FB2D-47E1-966B-E46F169DA312}
	EndProjectSection
EndProject
Project("{FAE04EC0-301F-11D3-BF4B-00C04F79EFBC}") = "Nzl.Web.Interface", "Web\Nzl.Web.Interface\Nzl.Web.Interface.csproj", "{30B2DE94-CA85-4FFC-97BA-4E681E807400}"
EndProject
Project("{FAE04EC0-301F-11D3-BF4B-00C04F79EFBC}") = "Nzl.Web.Page", "Web\Nzl.Web.Page\Nzl.Web.Page.csproj", "{58BC70F0-3FF6-4095-87AC-08A4B7C00F58}"
EndProject
Project("{FAE04EC0-301F-11D3-BF4B-00C04F79EFBC}") = "Nzl.Web.ProductClawer", "Web\Nzl.Web.ProductClawer\Nzl.Web.ProductClawer.csproj", "{9BB55927-8255-4CE3-9384-22670BFDAE5E}"
EndProject
Project("{FAE04EC0-301F-11D3-BF4B-00C04F79EFBC}") = "Nzl.Web.Rss", "Web\Nzl.Web.Rss\Nzl.Web.Rss.csproj", "{C5CD7FF9-FB2D-47E1-966B-E46F169DA312}"
EndProject
Project("{FAE04EC0-301F-11D3-BF4B-00C04F79EFBC}") = "Nzl.Test.ML", "Test\Nzl.Test.ML\Nzl.Test.ML.csproj", "{7166FFDD-5F5E-4DE4-A6CE-684F71021FC8}"
EndProject
Project("{FAE04EC0-301F-11D3-BF4B-00C04F79EFBC}") = "Nzl.Web.Plugin", "Web\Nzl.Web.Plugin\Nzl.Web.Plugin.csproj", "{8B1FBC09-397E-4EE7-BF92-4AFDBA3D9F6E}"
EndProject
Project("{FAE04EC0-301F-11D3-BF4B-00C04F79EFBC}") = "Nzl.Web.Util", "Web\Nzl.Web.Util\Nzl.Web.Util.csproj", "{6CBA8F35-E6F4-4A6D-876F-38EA9DE4649A}"
EndProject
Project("{FAE04EC0-301F-11D3-BF4B-00C04F79EFBC}") = "Nzl.Web.Core", "Web\Nzl.Web.Core\Nzl.Web.Core.csproj", "{87C3C98E-3F1A-4BAF-968B-53F5AF6231AE}"
EndProject
Project("{2150E333-8FDC-42A3-9474-1A3956D46DE8}") = "Configuration", "Configuration", "{0DF4B5B7-23C2-4C1F-B8D7-4A74E3BCED6F}"
EndProject
Project("{FAE04EC0-301F-11D3-BF4B-00C04F79EFBC}") = "Nzl.Configuration", "Configuration\Nzl.Configuration\Nzl.Configuration.csproj", "{0E6C87C5-1FFE-4A61-A7DA-6D5D4F8CE98F}"
EndProject
Project("{FAE04EC0-301F-11D3-BF4B-00C04F79EFBC}") = "Nzl.Web.Pub", "Web\Nzl.Web.Pub\Nzl.Web.Pub.csproj", "{C10413A3-CBD9-4896-A90D-D6CD3D001588}"
	ProjectSection(ProjectDependencies) = postProject
		{181FE707-E161-4722-9F38-6AAAB6FAA106} = {181FE707-E161-4722-9F38-6AAAB6FAA106}
		{6CBA8F35-E6F4-4A6D-876F-38EA9DE4649A} = {6CBA8F35-E6F4-4A6D-876F-38EA9DE4649A}
		{58BC70F0-3FF6-4095-87AC-08A4B7C00F58} = {58BC70F0-3FF6-4095-87AC-08A4B7C00F58}
		{B9DE9CFF-D84E-4BF9-A615-CF7F4519F139} = {B9DE9CFF-D84E-4BF9-A615-CF7F4519F139}
	EndProjectSection
EndProject
Project("{FAE04EC0-301F-11D3-BF4B-00C04F79EFBC}") = "Nzl.Test.CommunicationClient", "Nzl.Test.CommunicationClient\Nzl.Test.CommunicationClient.csproj", "{54370DC7-8F9C-465A-B1D5-5E6ACC01BBC3}"
EndProject
Project("{FAE04EC0-301F-11D3-BF4B-00C04F79EFBC}") = "Nzl.Test.CommunicationServer", "Nzl.Test.CommunicationServer\Nzl.Test.CommunicationServer.csproj", "{B723D70B-0229-47B5-9291-DDF30206803C}"
EndProject
Project("{FAE04EC0-301F-11D3-BF4B-00C04F79EFBC}") = "Nzl.Web.Smth", "Nzl.Web.Smth\Nzl.Web.Smth.csproj", "{8FBEB4D4-6130-4306-9D54-BB52E0CDA418}"
	ProjectSection(ProjectDependencies) = postProject
		{6ECA3D2E-3F31-4EB2-AB38-CD4E1D4ABEE9} = {6ECA3D2E-3F31-4EB2-AB38-CD4E1D4ABEE9}
		{6CBA8F35-E6F4-4A6D-876F-38EA9DE4649A} = {6CBA8F35-E6F4-4A6D-876F-38EA9DE4649A}
		{58BC70F0-3FF6-4095-87AC-08A4B7C00F58} = {58BC70F0-3FF6-4095-87AC-08A4B7C00F58}
		{B9DE9CFF-D84E-4BF9-A615-CF7F4519F139} = {B9DE9CFF-D84E-4BF9-A615-CF7F4519F139}
	EndProjectSection
EndProject
Global
	GlobalSection(SolutionConfigurationPlatforms) = preSolution
		Debug|Any CPU = Debug|Any CPU
		Debug|Mixed Platforms = Debug|Mixed Platforms
		Debug|x86 = Debug|x86
		Release|Any CPU = Release|Any CPU
		Release|Mixed Platforms = Release|Mixed Platforms
		Release|x86 = Release|x86
	EndGlobalSection
	GlobalSection(ProjectConfigurationPlatforms) = postSolution
		{3A7D554D-1255-40EC-B899-2A53FD2B3192}.Debug|Any CPU.ActiveCfg = Debug|Any CPU
		{3A7D554D-1255-40EC-B899-2A53FD2B3192}.Debug|Any CPU.Build.0 = Debug|Any CPU
		{3A7D554D-1255-40EC-B899-2A53FD2B3192}.Debug|Mixed Platforms.ActiveCfg = Debug|Any CPU
		{3A7D554D-1255-40EC-B899-2A53FD2B3192}.Debug|Mixed Platforms.Build.0 = Debug|Any CPU
		{3A7D554D-1255-40EC-B899-2A53FD2B3192}.Debug|x86.ActiveCfg = Debug|Any CPU
		{3A7D554D-1255-40EC-B899-2A53FD2B3192}.Release|Any CPU.ActiveCfg = Release|Any CPU
		{3A7D554D-1255-40EC-B899-2A53FD2B3192}.Release|Any CPU.Build.0 = Release|Any CPU
		{3A7D554D-1255-40EC-B899-2A53FD2B3192}.Release|Mixed Platforms.ActiveCfg = Release|Any CPU
		{3A7D554D-1255-40EC-B899-2A53FD2B3192}.Release|Mixed Platforms.Build.0 = Release|Any CPU
		{3A7D554D-1255-40EC-B899-2A53FD2B3192}.Release|x86.ActiveCfg = Release|Any CPU
		{C1C55A0D-4EA6-412C-8327-6A6B20FA21BB}.Debug|Any CPU.ActiveCfg = Debug|Any CPU
		{C1C55A0D-4EA6-412C-8327-6A6B20FA21BB}.Debug|Any CPU.Build.0 = Debug|Any CPU
		{C1C55A0D-4EA6-412C-8327-6A6B20FA21BB}.Debug|Mixed Platforms.ActiveCfg = Debug|Any CPU
		{C1C55A0D-4EA6-412C-8327-6A6B20FA21BB}.Debug|Mixed Platforms.Build.0 = Debug|Any CPU
		{C1C55A0D-4EA6-412C-8327-6A6B20FA21BB}.Debug|x86.ActiveCfg = Debug|Any CPU
		{C1C55A0D-4EA6-412C-8327-6A6B20FA21BB}.Release|Any CPU.ActiveCfg = Release|Any CPU
		{C1C55A0D-4EA6-412C-8327-6A6B20FA21BB}.Release|Any CPU.Build.0 = Release|Any CPU
		{C1C55A0D-4EA6-412C-8327-6A6B20FA21BB}.Release|Mixed Platforms.ActiveCfg = Release|Any CPU
		{C1C55A0D-4EA6-412C-8327-6A6B20FA21BB}.Release|Mixed Platforms.Build.0 = Release|Any CPU
		{C1C55A0D-4EA6-412C-8327-6A6B20FA21BB}.Release|x86.ActiveCfg = Release|Any CPU
		{804C864A-7855-40C9-8F5A-B5493E11F524}.Debug|Any CPU.ActiveCfg = Debug|Any CPU
		{804C864A-7855-40C9-8F5A-B5493E11F524}.Debug|Any CPU.Build.0 = Debug|Any CPU
		{804C864A-7855-40C9-8F5A-B5493E11F524}.Debug|Mixed Platforms.ActiveCfg = Debug|Any CPU
		{804C864A-7855-40C9-8F5A-B5493E11F524}.Debug|Mixed Platforms.Build.0 = Debug|Any CPU
		{804C864A-7855-40C9-8F5A-B5493E11F524}.Debug|x86.ActiveCfg = Debug|Any CPU
		{804C864A-7855-40C9-8F5A-B5493E11F524}.Release|Any CPU.ActiveCfg = Release|Any CPU
		{804C864A-7855-40C9-8F5A-B5493E11F524}.Release|Any CPU.Build.0 = Release|Any CPU
		{804C864A-7855-40C9-8F5A-B5493E11F524}.Release|Mixed Platforms.ActiveCfg = Release|Any CPU
		{804C864A-7855-40C9-8F5A-B5493E11F524}.Release|Mixed Platforms.Build.0 = Release|Any CPU
		{804C864A-7855-40C9-8F5A-B5493E11F524}.Release|x86.ActiveCfg = Release|Any CPU
		{E2FD571B-A9CC-40C3-A7FE-C205990D9EDC}.Debug|Any CPU.ActiveCfg = Debug|Any CPU
		{E2FD571B-A9CC-40C3-A7FE-C205990D9EDC}.Debug|Any CPU.Build.0 = Debug|Any CPU
		{E2FD571B-A9CC-40C3-A7FE-C205990D9EDC}.Debug|Mixed Platforms.ActiveCfg = Debug|Any CPU
		{E2FD571B-A9CC-40C3-A7FE-C205990D9EDC}.Debug|Mixed Platforms.Build.0 = Debug|Any CPU
		{E2FD571B-A9CC-40C3-A7FE-C205990D9EDC}.Debug|x86.ActiveCfg = Debug|Any CPU
		{E2FD571B-A9CC-40C3-A7FE-C205990D9EDC}.Release|Any CPU.ActiveCfg = Release|Any CPU
		{E2FD571B-A9CC-40C3-A7FE-C205990D9EDC}.Release|Any CPU.Build.0 = Release|Any CPU
		{E2FD571B-A9CC-40C3-A7FE-C205990D9EDC}.Release|Mixed Platforms.ActiveCfg = Release|Any CPU
		{E2FD571B-A9CC-40C3-A7FE-C205990D9EDC}.Release|Mixed Platforms.Build.0 = Release|Any CPU
		{E2FD571B-A9CC-40C3-A7FE-C205990D9EDC}.Release|x86.ActiveCfg = Release|Any CPU
		{6F242EA5-420C-49A1-A539-563C133A5214}.Debug|Any CPU.ActiveCfg = Debug|Any CPU
		{6F242EA5-420C-49A1-A539-563C133A5214}.Debug|Any CPU.Build.0 = Debug|Any CPU
		{6F242EA5-420C-49A1-A539-563C133A5214}.Debug|Mixed Platforms.ActiveCfg = Debug|Any CPU
		{6F242EA5-420C-49A1-A539-563C133A5214}.Debug|Mixed Platforms.Build.0 = Debug|Any CPU
		{6F242EA5-420C-49A1-A539-563C133A5214}.Debug|x86.ActiveCfg = Debug|Any CPU
		{6F242EA5-420C-49A1-A539-563C133A5214}.Release|Any CPU.ActiveCfg = Release|Any CPU
		{6F242EA5-420C-49A1-A539-563C133A5214}.Release|Any CPU.Build.0 = Release|Any CPU
		{6F242EA5-420C-49A1-A539-563C133A5214}.Release|Mixed Platforms.ActiveCfg = Release|Any CPU
		{6F242EA5-420C-49A1-A539-563C133A5214}.Release|Mixed Platforms.Build.0 = Release|Any CPU
		{6F242EA5-420C-49A1-A539-563C133A5214}.Release|x86.ActiveCfg = Release|Any CPU
		{81AE7B79-72B2-4849-B564-C30C4EF02F4C}.Debug|Any CPU.ActiveCfg = Debug|Any CPU
		{81AE7B79-72B2-4849-B564-C30C4EF02F4C}.Debug|Any CPU.Build.0 = Debug|Any CPU
		{81AE7B79-72B2-4849-B564-C30C4EF02F4C}.Debug|Mixed Platforms.ActiveCfg = Debug|Any CPU
		{81AE7B79-72B2-4849-B564-C30C4EF02F4C}.Debug|Mixed Platforms.Build.0 = Debug|Any CPU
		{81AE7B79-72B2-4849-B564-C30C4EF02F4C}.Debug|x86.ActiveCfg = Debug|Any CPU
		{81AE7B79-72B2-4849-B564-C30C4EF02F4C}.Release|Any CPU.ActiveCfg = Release|Any CPU
		{81AE7B79-72B2-4849-B564-C30C4EF02F4C}.Release|Any CPU.Build.0 = Release|Any CPU
		{81AE7B79-72B2-4849-B564-C30C4EF02F4C}.Release|Mixed Platforms.ActiveCfg = Release|Any CPU
		{81AE7B79-72B2-4849-B564-C30C4EF02F4C}.Release|Mixed Platforms.Build.0 = Release|Any CPU
		{81AE7B79-72B2-4849-B564-C30C4EF02F4C}.Release|x86.ActiveCfg = Release|Any CPU
		{152B3524-65C9-4C12-96BF-E99A7DFB5A0F}.Debug|Any CPU.ActiveCfg = Debug|Any CPU
		{152B3524-65C9-4C12-96BF-E99A7DFB5A0F}.Debug|Any CPU.Build.0 = Debug|Any CPU
		{152B3524-65C9-4C12-96BF-E99A7DFB5A0F}.Debug|Mixed Platforms.ActiveCfg = Debug|Any CPU
		{152B3524-65C9-4C12-96BF-E99A7DFB5A0F}.Debug|Mixed Platforms.Build.0 = Debug|Any CPU
		{152B3524-65C9-4C12-96BF-E99A7DFB5A0F}.Debug|x86.ActiveCfg = Debug|Any CPU
		{152B3524-65C9-4C12-96BF-E99A7DFB5A0F}.Release|Any CPU.ActiveCfg = Release|Any CPU
		{152B3524-65C9-4C12-96BF-E99A7DFB5A0F}.Release|Any CPU.Build.0 = Release|Any CPU
		{152B3524-65C9-4C12-96BF-E99A7DFB5A0F}.Release|Mixed Platforms.ActiveCfg = Release|Any CPU
		{152B3524-65C9-4C12-96BF-E99A7DFB5A0F}.Release|Mixed Platforms.Build.0 = Release|Any CPU
		{152B3524-65C9-4C12-96BF-E99A7DFB5A0F}.Release|x86.ActiveCfg = Release|Any CPU
		{333B5704-9A49-4FBA-A541-BD8AFD2C0583}.Debug|Any CPU.ActiveCfg = Debug|Any CPU
		{333B5704-9A49-4FBA-A541-BD8AFD2C0583}.Debug|Any CPU.Build.0 = Debug|Any CPU
		{333B5704-9A49-4FBA-A541-BD8AFD2C0583}.Debug|Mixed Platforms.ActiveCfg = Debug|Any CPU
		{333B5704-9A49-4FBA-A541-BD8AFD2C0583}.Debug|Mixed Platforms.Build.0 = Debug|Any CPU
		{333B5704-9A49-4FBA-A541-BD8AFD2C0583}.Debug|x86.ActiveCfg = Debug|Any CPU
		{333B5704-9A49-4FBA-A541-BD8AFD2C0583}.Release|Any CPU.ActiveCfg = Release|Any CPU
		{333B5704-9A49-4FBA-A541-BD8AFD2C0583}.Release|Any CPU.Build.0 = Release|Any CPU
		{333B5704-9A49-4FBA-A541-BD8AFD2C0583}.Release|Mixed Platforms.ActiveCfg = Release|Any CPU
		{333B5704-9A49-4FBA-A541-BD8AFD2C0583}.Release|Mixed Platforms.Build.0 = Release|Any CPU
		{333B5704-9A49-4FBA-A541-BD8AFD2C0583}.Release|x86.ActiveCfg = Release|Any CPU
		{ADCCA630-9048-457F-A296-000C3286C104}.Debug|Any CPU.ActiveCfg = Debug|Any CPU
		{ADCCA630-9048-457F-A296-000C3286C104}.Debug|Any CPU.Build.0 = Debug|Any CPU
		{ADCCA630-9048-457F-A296-000C3286C104}.Debug|Mixed Platforms.ActiveCfg = Debug|Any CPU
		{ADCCA630-9048-457F-A296-000C3286C104}.Debug|Mixed Platforms.Build.0 = Debug|Any CPU
		{ADCCA630-9048-457F-A296-000C3286C104}.Debug|x86.ActiveCfg = Debug|Any CPU
		{ADCCA630-9048-457F-A296-000C3286C104}.Release|Any CPU.ActiveCfg = Release|Any CPU
		{ADCCA630-9048-457F-A296-000C3286C104}.Release|Any CPU.Build.0 = Release|Any CPU
		{ADCCA630-9048-457F-A296-000C3286C104}.Release|Mixed Platforms.ActiveCfg = Release|Any CPU
		{ADCCA630-9048-457F-A296-000C3286C104}.Release|Mixed Platforms.Build.0 = Release|Any CPU
		{ADCCA630-9048-457F-A296-000C3286C104}.Release|x86.ActiveCfg = Release|Any CPU
		{1D16B1B1-E6F3-4A28-9505-F9BE211E65C7}.Debug|Any CPU.ActiveCfg = Debug|Any CPU
		{1D16B1B1-E6F3-4A28-9505-F9BE211E65C7}.Debug|Any CPU.Build.0 = Debug|Any CPU
		{1D16B1B1-E6F3-4A28-9505-F9BE211E65C7}.Debug|Mixed Platforms.ActiveCfg = Debug|Any CPU
		{1D16B1B1-E6F3-4A28-9505-F9BE211E65C7}.Debug|Mixed Platforms.Build.0 = Debug|Any CPU
		{1D16B1B1-E6F3-4A28-9505-F9BE211E65C7}.Debug|x86.ActiveCfg = Debug|Any CPU
		{1D16B1B1-E6F3-4A28-9505-F9BE211E65C7}.Release|Any CPU.ActiveCfg = Release|Any CPU
		{1D16B1B1-E6F3-4A28-9505-F9BE211E65C7}.Release|Any CPU.Build.0 = Release|Any CPU
		{1D16B1B1-E6F3-4A28-9505-F9BE211E65C7}.Release|Mixed Platforms.ActiveCfg = Release|Any CPU
		{1D16B1B1-E6F3-4A28-9505-F9BE211E65C7}.Release|Mixed Platforms.Build.0 = Release|Any CPU
		{1D16B1B1-E6F3-4A28-9505-F9BE211E65C7}.Release|x86.ActiveCfg = Release|Any CPU
		{06DFDD36-3988-4A62-893E-63C3F045A166}.Debug|Any CPU.ActiveCfg = Debug|Any CPU
		{06DFDD36-3988-4A62-893E-63C3F045A166}.Debug|Any CPU.Build.0 = Debug|Any CPU
		{06DFDD36-3988-4A62-893E-63C3F045A166}.Debug|Mixed Platforms.ActiveCfg = Debug|Any CPU
		{06DFDD36-3988-4A62-893E-63C3F045A166}.Debug|Mixed Platforms.Build.0 = Debug|Any CPU
		{06DFDD36-3988-4A62-893E-63C3F045A166}.Debug|x86.ActiveCfg = Debug|Any CPU
		{06DFDD36-3988-4A62-893E-63C3F045A166}.Release|Any CPU.ActiveCfg = Release|Any CPU
		{06DFDD36-3988-4A62-893E-63C3F045A166}.Release|Any CPU.Build.0 = Release|Any CPU
		{06DFDD36-3988-4A62-893E-63C3F045A166}.Release|Mixed Platforms.ActiveCfg = Release|Any CPU
		{06DFDD36-3988-4A62-893E-63C3F045A166}.Release|Mixed Platforms.Build.0 = Release|Any CPU
		{06DFDD36-3988-4A62-893E-63C3F045A166}.Release|x86.ActiveCfg = Release|Any CPU
		{5EA8ABF0-C091-43C6-B5DB-D6811C8BBA79}.Debug|Any CPU.ActiveCfg = Debug|Any CPU
		{5EA8ABF0-C091-43C6-B5DB-D6811C8BBA79}.Debug|Any CPU.Build.0 = Debug|Any CPU
		{5EA8ABF0-C091-43C6-B5DB-D6811C8BBA79}.Debug|Mixed Platforms.ActiveCfg = Debug|Any CPU
		{5EA8ABF0-C091-43C6-B5DB-D6811C8BBA79}.Debug|Mixed Platforms.Build.0 = Debug|Any CPU
		{5EA8ABF0-C091-43C6-B5DB-D6811C8BBA79}.Debug|x86.ActiveCfg = Debug|Any CPU
		{5EA8ABF0-C091-43C6-B5DB-D6811C8BBA79}.Release|Any CPU.ActiveCfg = Release|Any CPU
		{5EA8ABF0-C091-43C6-B5DB-D6811C8BBA79}.Release|Any CPU.Build.0 = Release|Any CPU
		{5EA8ABF0-C091-43C6-B5DB-D6811C8BBA79}.Release|Mixed Platforms.ActiveCfg = Release|Any CPU
		{5EA8ABF0-C091-43C6-B5DB-D6811C8BBA79}.Release|Mixed Platforms.Build.0 = Release|Any CPU
		{5EA8ABF0-C091-43C6-B5DB-D6811C8BBA79}.Release|x86.ActiveCfg = Release|Any CPU
		{CC66877D-1318-489F-A26C-6B4E035C3846}.Debug|Any CPU.ActiveCfg = Debug|x86
		{CC66877D-1318-489F-A26C-6B4E035C3846}.Debug|Mixed Platforms.ActiveCfg = Debug|x86
		{CC66877D-1318-489F-A26C-6B4E035C3846}.Debug|Mixed Platforms.Build.0 = Debug|x86
		{CC66877D-1318-489F-A26C-6B4E035C3846}.Debug|x86.ActiveCfg = Debug|x86
		{CC66877D-1318-489F-A26C-6B4E035C3846}.Debug|x86.Build.0 = Debug|x86
		{CC66877D-1318-489F-A26C-6B4E035C3846}.Release|Any CPU.ActiveCfg = Release|x86
		{CC66877D-1318-489F-A26C-6B4E035C3846}.Release|Mixed Platforms.ActiveCfg = Release|x86
		{CC66877D-1318-489F-A26C-6B4E035C3846}.Release|Mixed Platforms.Build.0 = Release|x86
		{CC66877D-1318-489F-A26C-6B4E035C3846}.Release|x86.ActiveCfg = Release|x86
		{CC66877D-1318-489F-A26C-6B4E035C3846}.Release|x86.Build.0 = Release|x86
		{B62A8E47-F267-42D6-8A71-775C36A43EA1}.Debug|Any CPU.ActiveCfg = Debug|x86
		{B62A8E47-F267-42D6-8A71-775C36A43EA1}.Debug|Mixed Platforms.ActiveCfg = Debug|x86
		{B62A8E47-F267-42D6-8A71-775C36A43EA1}.Debug|Mixed Platforms.Build.0 = Debug|x86
		{B62A8E47-F267-42D6-8A71-775C36A43EA1}.Debug|x86.ActiveCfg = Debug|x86
		{B62A8E47-F267-42D6-8A71-775C36A43EA1}.Debug|x86.Build.0 = Debug|x86
		{B62A8E47-F267-42D6-8A71-775C36A43EA1}.Release|Any CPU.ActiveCfg = Release|x86
		{B62A8E47-F267-42D6-8A71-775C36A43EA1}.Release|Mixed Platforms.ActiveCfg = Release|x86
		{B62A8E47-F267-42D6-8A71-775C36A43EA1}.Release|Mixed Platforms.Build.0 = Release|x86
		{B62A8E47-F267-42D6-8A71-775C36A43EA1}.Release|x86.ActiveCfg = Release|x86
		{B62A8E47-F267-42D6-8A71-775C36A43EA1}.Release|x86.Build.0 = Release|x86
		{F842397F-EDFE-41C6-854F-02C6981CBE8B}.Debug|Any CPU.ActiveCfg = Debug|x86
		{F842397F-EDFE-41C6-854F-02C6981CBE8B}.Debug|Mixed Platforms.ActiveCfg = Debug|x86
		{F842397F-EDFE-41C6-854F-02C6981CBE8B}.Debug|Mixed Platforms.Build.0 = Debug|x86
		{F842397F-EDFE-41C6-854F-02C6981CBE8B}.Debug|x86.ActiveCfg = Debug|x86
		{F842397F-EDFE-41C6-854F-02C6981CBE8B}.Debug|x86.Build.0 = Debug|x86
		{F842397F-EDFE-41C6-854F-02C6981CBE8B}.Release|Any CPU.ActiveCfg = Release|x86
		{F842397F-EDFE-41C6-854F-02C6981CBE8B}.Release|Mixed Platforms.ActiveCfg = Release|x86
		{F842397F-EDFE-41C6-854F-02C6981CBE8B}.Release|Mixed Platforms.Build.0 = Release|x86
		{F842397F-EDFE-41C6-854F-02C6981CBE8B}.Release|x86.ActiveCfg = Release|x86
		{F842397F-EDFE-41C6-854F-02C6981CBE8B}.Release|x86.Build.0 = Release|x86
		{448CEA7A-BBFF-4C99-8620-A425DB35373F}.Debug|Any CPU.ActiveCfg = Debug|x86
		{448CEA7A-BBFF-4C99-8620-A425DB35373F}.Debug|Mixed Platforms.ActiveCfg = Debug|x86
		{448CEA7A-BBFF-4C99-8620-A425DB35373F}.Debug|Mixed Platforms.Build.0 = Debug|x86
		{448CEA7A-BBFF-4C99-8620-A425DB35373F}.Debug|x86.ActiveCfg = Debug|x86
		{448CEA7A-BBFF-4C99-8620-A425DB35373F}.Debug|x86.Build.0 = Debug|x86
		{448CEA7A-BBFF-4C99-8620-A425DB35373F}.Release|Any CPU.ActiveCfg = Release|x86
		{448CEA7A-BBFF-4C99-8620-A425DB35373F}.Release|Mixed Platforms.ActiveCfg = Release|x86
		{448CEA7A-BBFF-4C99-8620-A425DB35373F}.Release|Mixed Platforms.Build.0 = Release|x86
		{448CEA7A-BBFF-4C99-8620-A425DB35373F}.Release|x86.ActiveCfg = Release|x86
		{448CEA7A-BBFF-4C99-8620-A425DB35373F}.Release|x86.Build.0 = Release|x86
		{5240BE91-C458-43E6-A9BF-57CFCDD68AC0}.Debug|Any CPU.ActiveCfg = Debug|x86
		{5240BE91-C458-43E6-A9BF-57CFCDD68AC0}.Debug|Mixed Platforms.ActiveCfg = Debug|x86
		{5240BE91-C458-43E6-A9BF-57CFCDD68AC0}.Debug|Mixed Platforms.Build.0 = Debug|x86
		{5240BE91-C458-43E6-A9BF-57CFCDD68AC0}.Debug|x86.ActiveCfg = Debug|x86
		{5240BE91-C458-43E6-A9BF-57CFCDD68AC0}.Debug|x86.Build.0 = Debug|x86
		{5240BE91-C458-43E6-A9BF-57CFCDD68AC0}.Release|Any CPU.ActiveCfg = Release|x86
		{5240BE91-C458-43E6-A9BF-57CFCDD68AC0}.Release|Mixed Platforms.ActiveCfg = Release|x86
		{5240BE91-C458-43E6-A9BF-57CFCDD68AC0}.Release|Mixed Platforms.Build.0 = Release|x86
		{5240BE91-C458-43E6-A9BF-57CFCDD68AC0}.Release|x86.ActiveCfg = Release|x86
		{5240BE91-C458-43E6-A9BF-57CFCDD68AC0}.Release|x86.Build.0 = Release|x86
		{2CBC6E3C-8051-4384-B66E-6918530E5E55}.Debug|Any CPU.ActiveCfg = Debug|x86
		{2CBC6E3C-8051-4384-B66E-6918530E5E55}.Debug|Mixed Platforms.ActiveCfg = Debug|x86
		{2CBC6E3C-8051-4384-B66E-6918530E5E55}.Debug|Mixed Platforms.Build.0 = Debug|x86
		{2CBC6E3C-8051-4384-B66E-6918530E5E55}.Debug|x86.ActiveCfg = Debug|x86
		{2CBC6E3C-8051-4384-B66E-6918530E5E55}.Debug|x86.Build.0 = Debug|x86
		{2CBC6E3C-8051-4384-B66E-6918530E5E55}.Release|Any CPU.ActiveCfg = Release|x86
		{2CBC6E3C-8051-4384-B66E-6918530E5E55}.Release|Mixed Platforms.ActiveCfg = Release|x86
		{2CBC6E3C-8051-4384-B66E-6918530E5E55}.Release|Mixed Platforms.Build.0 = Release|x86
		{2CBC6E3C-8051-4384-B66E-6918530E5E55}.Release|x86.ActiveCfg = Release|x86
		{2CBC6E3C-8051-4384-B66E-6918530E5E55}.Release|x86.Build.0 = Release|x86
		{536C05E2-0739-4539-BC0E-58D3CC983F7A}.Debug|Any CPU.ActiveCfg = Debug|x86
		{536C05E2-0739-4539-BC0E-58D3CC983F7A}.Debug|Mixed Platforms.ActiveCfg = Debug|x86
		{536C05E2-0739-4539-BC0E-58D3CC983F7A}.Debug|Mixed Platforms.Build.0 = Debug|x86
		{536C05E2-0739-4539-BC0E-58D3CC983F7A}.Debug|x86.ActiveCfg = Debug|x86
		{536C05E2-0739-4539-BC0E-58D3CC983F7A}.Debug|x86.Build.0 = Debug|x86
		{536C05E2-0739-4539-BC0E-58D3CC983F7A}.Release|Any CPU.ActiveCfg = Release|x86
		{536C05E2-0739-4539-BC0E-58D3CC983F7A}.Release|Mixed Platforms.ActiveCfg = Release|x86
		{536C05E2-0739-4539-BC0E-58D3CC983F7A}.Release|Mixed Platforms.Build.0 = Release|x86
		{536C05E2-0739-4539-BC0E-58D3CC983F7A}.Release|x86.ActiveCfg = Release|x86
		{536C05E2-0739-4539-BC0E-58D3CC983F7A}.Release|x86.Build.0 = Release|x86
		{EDE21CF4-187D-44B1-B0E3-5189F0C9C8EC}.Debug|Any CPU.ActiveCfg = Debug|Any CPU
		{EDE21CF4-187D-44B1-B0E3-5189F0C9C8EC}.Debug|Any CPU.Build.0 = Debug|Any CPU
		{EDE21CF4-187D-44B1-B0E3-5189F0C9C8EC}.Debug|Mixed Platforms.ActiveCfg = Debug|Any CPU
		{EDE21CF4-187D-44B1-B0E3-5189F0C9C8EC}.Debug|Mixed Platforms.Build.0 = Debug|Any CPU
		{EDE21CF4-187D-44B1-B0E3-5189F0C9C8EC}.Debug|x86.ActiveCfg = Debug|Any CPU
		{EDE21CF4-187D-44B1-B0E3-5189F0C9C8EC}.Release|Any CPU.ActiveCfg = Release|Any CPU
		{EDE21CF4-187D-44B1-B0E3-5189F0C9C8EC}.Release|Any CPU.Build.0 = Release|Any CPU
		{EDE21CF4-187D-44B1-B0E3-5189F0C9C8EC}.Release|Mixed Platforms.ActiveCfg = Release|Any CPU
		{EDE21CF4-187D-44B1-B0E3-5189F0C9C8EC}.Release|Mixed Platforms.Build.0 = Release|Any CPU
		{EDE21CF4-187D-44B1-B0E3-5189F0C9C8EC}.Release|x86.ActiveCfg = Release|Any CPU
		{D8D0E9AC-83E6-4EFF-9CE8-ADBC1CB8FBC2}.Debug|Any CPU.ActiveCfg = Debug|x86
		{D8D0E9AC-83E6-4EFF-9CE8-ADBC1CB8FBC2}.Debug|Mixed Platforms.ActiveCfg = Debug|x86
		{D8D0E9AC-83E6-4EFF-9CE8-ADBC1CB8FBC2}.Debug|Mixed Platforms.Build.0 = Debug|x86
		{D8D0E9AC-83E6-4EFF-9CE8-ADBC1CB8FBC2}.Debug|x86.ActiveCfg = Debug|x86
		{D8D0E9AC-83E6-4EFF-9CE8-ADBC1CB8FBC2}.Debug|x86.Build.0 = Debug|x86
		{D8D0E9AC-83E6-4EFF-9CE8-ADBC1CB8FBC2}.Release|Any CPU.ActiveCfg = Release|x86
		{D8D0E9AC-83E6-4EFF-9CE8-ADBC1CB8FBC2}.Release|Mixed Platforms.ActiveCfg = Release|x86
		{D8D0E9AC-83E6-4EFF-9CE8-ADBC1CB8FBC2}.Release|Mixed Platforms.Build.0 = Release|x86
		{D8D0E9AC-83E6-4EFF-9CE8-ADBC1CB8FBC2}.Release|x86.ActiveCfg = Release|x86
		{D8D0E9AC-83E6-4EFF-9CE8-ADBC1CB8FBC2}.Release|x86.Build.0 = Release|x86
		{6546DB92-03A3-4690-B60F-322D1B4F5660}.Debug|Any CPU.ActiveCfg = Debug|Any CPU
		{6546DB92-03A3-4690-B60F-322D1B4F5660}.Debug|Any CPU.Build.0 = Debug|Any CPU
		{6546DB92-03A3-4690-B60F-322D1B4F5660}.Debug|Mixed Platforms.ActiveCfg = Debug|Any CPU
		{6546DB92-03A3-4690-B60F-322D1B4F5660}.Debug|Mixed Platforms.Build.0 = Debug|Any CPU
		{6546DB92-03A3-4690-B60F-322D1B4F5660}.Debug|x86.ActiveCfg = Debug|Any CPU
		{6546DB92-03A3-4690-B60F-322D1B4F5660}.Release|Any CPU.ActiveCfg = Release|Any CPU
		{6546DB92-03A3-4690-B60F-322D1B4F5660}.Release|Any CPU.Build.0 = Release|Any CPU
		{6546DB92-03A3-4690-B60F-322D1B4F5660}.Release|Mixed Platforms.ActiveCfg = Release|Any CPU
		{6546DB92-03A3-4690-B60F-322D1B4F5660}.Release|Mixed Platforms.Build.0 = Release|Any CPU
		{6546DB92-03A3-4690-B60F-322D1B4F5660}.Release|x86.ActiveCfg = Release|Any CPU
		{20D023A0-3B04-4331-9865-C162CD3EE61E}.Debug|Any CPU.ActiveCfg = Debug|Any CPU
		{20D023A0-3B04-4331-9865-C162CD3EE61E}.Debug|Any CPU.Build.0 = Debug|Any CPU
		{20D023A0-3B04-4331-9865-C162CD3EE61E}.Debug|Mixed Platforms.ActiveCfg = Debug|Any CPU
		{20D023A0-3B04-4331-9865-C162CD3EE61E}.Debug|Mixed Platforms.Build.0 = Debug|Any CPU
		{20D023A0-3B04-4331-9865-C162CD3EE61E}.Debug|x86.ActiveCfg = Debug|Any CPU
		{20D023A0-3B04-4331-9865-C162CD3EE61E}.Release|Any CPU.ActiveCfg = Release|Any CPU
		{20D023A0-3B04-4331-9865-C162CD3EE61E}.Release|Any CPU.Build.0 = Release|Any CPU
		{20D023A0-3B04-4331-9865-C162CD3EE61E}.Release|Mixed Platforms.ActiveCfg = Release|Any CPU
		{20D023A0-3B04-4331-9865-C162CD3EE61E}.Release|Mixed Platforms.Build.0 = Release|Any CPU
		{20D023A0-3B04-4331-9865-C162CD3EE61E}.Release|x86.ActiveCfg = Release|Any CPU
		{B9DE9CFF-D84E-4BF9-A615-CF7F4519F139}.Debug|Any CPU.ActiveCfg = Debug|Any CPU
		{B9DE9CFF-D84E-4BF9-A615-CF7F4519F139}.Debug|Any CPU.Build.0 = Debug|Any CPU
		{B9DE9CFF-D84E-4BF9-A615-CF7F4519F139}.Debug|Mixed Platforms.ActiveCfg = Debug|Any CPU
		{B9DE9CFF-D84E-4BF9-A615-CF7F4519F139}.Debug|Mixed Platforms.Build.0 = Debug|Any CPU
		{B9DE9CFF-D84E-4BF9-A615-CF7F4519F139}.Debug|x86.ActiveCfg = Debug|Any CPU
		{B9DE9CFF-D84E-4BF9-A615-CF7F4519F139}.Release|Any CPU.ActiveCfg = Release|Any CPU
		{B9DE9CFF-D84E-4BF9-A615-CF7F4519F139}.Release|Any CPU.Build.0 = Release|Any CPU
		{B9DE9CFF-D84E-4BF9-A615-CF7F4519F139}.Release|Mixed Platforms.ActiveCfg = Release|Any CPU
		{B9DE9CFF-D84E-4BF9-A615-CF7F4519F139}.Release|Mixed Platforms.Build.0 = Release|Any CPU
		{B9DE9CFF-D84E-4BF9-A615-CF7F4519F139}.Release|x86.ActiveCfg = Release|Any CPU
		{6ECA3D2E-3F31-4EB2-AB38-CD4E1D4ABEE9}.Debug|Any CPU.ActiveCfg = Debug|Any CPU
		{6ECA3D2E-3F31-4EB2-AB38-CD4E1D4ABEE9}.Debug|Any CPU.Build.0 = Debug|Any CPU
		{6ECA3D2E-3F31-4EB2-AB38-CD4E1D4ABEE9}.Debug|Mixed Platforms.ActiveCfg = Debug|Any CPU
		{6ECA3D2E-3F31-4EB2-AB38-CD4E1D4ABEE9}.Debug|Mixed Platforms.Build.0 = Debug|Any CPU
		{6ECA3D2E-3F31-4EB2-AB38-CD4E1D4ABEE9}.Debug|x86.ActiveCfg = Debug|Any CPU
		{6ECA3D2E-3F31-4EB2-AB38-CD4E1D4ABEE9}.Release|Any CPU.ActiveCfg = Release|Any CPU
		{6ECA3D2E-3F31-4EB2-AB38-CD4E1D4ABEE9}.Release|Any CPU.Build.0 = Release|Any CPU
		{6ECA3D2E-3F31-4EB2-AB38-CD4E1D4ABEE9}.Release|Mixed Platforms.ActiveCfg = Release|Any CPU
		{6ECA3D2E-3F31-4EB2-AB38-CD4E1D4ABEE9}.Release|Mixed Platforms.Build.0 = Release|Any CPU
		{6ECA3D2E-3F31-4EB2-AB38-CD4E1D4ABEE9}.Release|x86.ActiveCfg = Release|Any CPU
		{181FE707-E161-4722-9F38-6AAAB6FAA106}.Debug|Any CPU.ActiveCfg = Debug|Any CPU
		{181FE707-E161-4722-9F38-6AAAB6FAA106}.Debug|Any CPU.Build.0 = Debug|Any CPU
		{181FE707-E161-4722-9F38-6AAAB6FAA106}.Debug|Mixed Platforms.ActiveCfg = Debug|Any CPU
		{181FE707-E161-4722-9F38-6AAAB6FAA106}.Debug|Mixed Platforms.Build.0 = Debug|Any CPU
		{181FE707-E161-4722-9F38-6AAAB6FAA106}.Debug|x86.ActiveCfg = Debug|Any CPU
		{181FE707-E161-4722-9F38-6AAAB6FAA106}.Release|Any CPU.ActiveCfg = Release|Any CPU
		{181FE707-E161-4722-9F38-6AAAB6FAA106}.Release|Any CPU.Build.0 = Release|Any CPU
		{181FE707-E161-4722-9F38-6AAAB6FAA106}.Release|Mixed Platforms.ActiveCfg = Release|Any CPU
		{181FE707-E161-4722-9F38-6AAAB6FAA106}.Release|Mixed Platforms.Build.0 = Release|Any CPU
		{181FE707-E161-4722-9F38-6AAAB6FAA106}.Release|x86.ActiveCfg = Release|Any CPU
		{B2AC0627-5D46-4CD4-9C3E-C79B99743C2E}.Debug|Any CPU.ActiveCfg = Debug|Any CPU
		{B2AC0627-5D46-4CD4-9C3E-C79B99743C2E}.Debug|Any CPU.Build.0 = Debug|Any CPU
		{B2AC0627-5D46-4CD4-9C3E-C79B99743C2E}.Debug|Mixed Platforms.ActiveCfg = Debug|Any CPU
		{B2AC0627-5D46-4CD4-9C3E-C79B99743C2E}.Debug|Mixed Platforms.Build.0 = Debug|Any CPU
		{B2AC0627-5D46-4CD4-9C3E-C79B99743C2E}.Debug|x86.ActiveCfg = Debug|Any CPU
		{B2AC0627-5D46-4CD4-9C3E-C79B99743C2E}.Release|Any CPU.ActiveCfg = Release|Any CPU
		{B2AC0627-5D46-4CD4-9C3E-C79B99743C2E}.Release|Any CPU.Build.0 = Release|Any CPU
		{B2AC0627-5D46-4CD4-9C3E-C79B99743C2E}.Release|Mixed Platforms.ActiveCfg = Release|Any CPU
		{B2AC0627-5D46-4CD4-9C3E-C79B99743C2E}.Release|Mixed Platforms.Build.0 = Release|Any CPU
		{B2AC0627-5D46-4CD4-9C3E-C79B99743C2E}.Release|x86.ActiveCfg = Release|Any CPU
		{9DC40309-C743-477E-B319-C47FA0875759}.Debug|Any CPU.ActiveCfg = Debug|x86
		{9DC40309-C743-477E-B319-C47FA0875759}.Debug|Mixed Platforms.ActiveCfg = Debug|x86
		{9DC40309-C743-477E-B319-C47FA0875759}.Debug|Mixed Platforms.Build.0 = Debug|x86
		{9DC40309-C743-477E-B319-C47FA0875759}.Debug|x86.ActiveCfg = Debug|x86
		{9DC40309-C743-477E-B319-C47FA0875759}.Debug|x86.Build.0 = Debug|x86
		{9DC40309-C743-477E-B319-C47FA0875759}.Release|Any CPU.ActiveCfg = Release|x86
		{9DC40309-C743-477E-B319-C47FA0875759}.Release|Mixed Platforms.ActiveCfg = Release|x86
		{9DC40309-C743-477E-B319-C47FA0875759}.Release|Mixed Platforms.Build.0 = Release|x86
		{9DC40309-C743-477E-B319-C47FA0875759}.Release|x86.ActiveCfg = Release|x86
		{9DC40309-C743-477E-B319-C47FA0875759}.Release|x86.Build.0 = Release|x86
		{30B2DE94-CA85-4FFC-97BA-4E681E807400}.Debug|Any CPU.ActiveCfg = Debug|Any CPU
		{30B2DE94-CA85-4FFC-97BA-4E681E807400}.Debug|Any CPU.Build.0 = Debug|Any CPU
		{30B2DE94-CA85-4FFC-97BA-4E681E807400}.Debug|Mixed Platforms.ActiveCfg = Debug|Any CPU
		{30B2DE94-CA85-4FFC-97BA-4E681E807400}.Debug|Mixed Platforms.Build.0 = Debug|Any CPU
		{30B2DE94-CA85-4FFC-97BA-4E681E807400}.Debug|x86.ActiveCfg = Debug|Any CPU
		{30B2DE94-CA85-4FFC-97BA-4E681E807400}.Release|Any CPU.ActiveCfg = Release|Any CPU
		{30B2DE94-CA85-4FFC-97BA-4E681E807400}.Release|Any CPU.Build.0 = Release|Any CPU
		{30B2DE94-CA85-4FFC-97BA-4E681E807400}.Release|Mixed Platforms.ActiveCfg = Release|Any CPU
		{30B2DE94-CA85-4FFC-97BA-4E681E807400}.Release|Mixed Platforms.Build.0 = Release|Any CPU
		{30B2DE94-CA85-4FFC-97BA-4E681E807400}.Release|x86.ActiveCfg = Release|Any CPU
		{58BC70F0-3FF6-4095-87AC-08A4B7C00F58}.Debug|Any CPU.ActiveCfg = Debug|Any CPU
		{58BC70F0-3FF6-4095-87AC-08A4B7C00F58}.Debug|Any CPU.Build.0 = Debug|Any CPU
		{58BC70F0-3FF6-4095-87AC-08A4B7C00F58}.Debug|Mixed Platforms.ActiveCfg = Debug|Any CPU
		{58BC70F0-3FF6-4095-87AC-08A4B7C00F58}.Debug|Mixed Platforms.Build.0 = Debug|Any CPU
		{58BC70F0-3FF6-4095-87AC-08A4B7C00F58}.Debug|x86.ActiveCfg = Debug|Any CPU
		{58BC70F0-3FF6-4095-87AC-08A4B7C00F58}.Release|Any CPU.ActiveCfg = Release|Any CPU
		{58BC70F0-3FF6-4095-87AC-08A4B7C00F58}.Release|Any CPU.Build.0 = Release|Any CPU
		{58BC70F0-3FF6-4095-87AC-08A4B7C00F58}.Release|Mixed Platforms.ActiveCfg = Release|Any CPU
		{58BC70F0-3FF6-4095-87AC-08A4B7C00F58}.Release|Mixed Platforms.Build.0 = Release|Any CPU
		{58BC70F0-3FF6-4095-87AC-08A4B7C00F58}.Release|x86.ActiveCfg = Release|Any CPU
		{9BB55927-8255-4CE3-9384-22670BFDAE5E}.Debug|Any CPU.ActiveCfg = Debug|Any CPU
		{9BB55927-8255-4CE3-9384-22670BFDAE5E}.Debug|Any CPU.Build.0 = Debug|Any CPU
		{9BB55927-8255-4CE3-9384-22670BFDAE5E}.Debug|Mixed Platforms.ActiveCfg = Debug|Any CPU
		{9BB55927-8255-4CE3-9384-22670BFDAE5E}.Debug|Mixed Platforms.Build.0 = Debug|Any CPU
		{9BB55927-8255-4CE3-9384-22670BFDAE5E}.Debug|x86.ActiveCfg = Debug|Any CPU
		{9BB55927-8255-4CE3-9384-22670BFDAE5E}.Release|Any CPU.ActiveCfg = Release|Any CPU
		{9BB55927-8255-4CE3-9384-22670BFDAE5E}.Release|Any CPU.Build.0 = Release|Any CPU
		{9BB55927-8255-4CE3-9384-22670BFDAE5E}.Release|Mixed Platforms.ActiveCfg = Release|Any CPU
		{9BB55927-8255-4CE3-9384-22670BFDAE5E}.Release|Mixed Platforms.Build.0 = Release|Any CPU
		{9BB55927-8255-4CE3-9384-22670BFDAE5E}.Release|x86.ActiveCfg = Release|Any CPU
		{C5CD7FF9-FB2D-47E1-966B-E46F169DA312}.Debug|Any CPU.ActiveCfg = Debug|x86
		{C5CD7FF9-FB2D-47E1-966B-E46F169DA312}.Debug|Mixed Platforms.ActiveCfg = Debug|x86
		{C5CD7FF9-FB2D-47E1-966B-E46F169DA312}.Debug|Mixed Platforms.Build.0 = Debug|x86
		{C5CD7FF9-FB2D-47E1-966B-E46F169DA312}.Debug|x86.ActiveCfg = Debug|x86
		{C5CD7FF9-FB2D-47E1-966B-E46F169DA312}.Debug|x86.Build.0 = Debug|x86
		{C5CD7FF9-FB2D-47E1-966B-E46F169DA312}.Release|Any CPU.ActiveCfg = Release|x86
		{C5CD7FF9-FB2D-47E1-966B-E46F169DA312}.Release|Mixed Platforms.ActiveCfg = Release|x86
		{C5CD7FF9-FB2D-47E1-966B-E46F169DA312}.Release|Mixed Platforms.Build.0 = Release|x86
		{C5CD7FF9-FB2D-47E1-966B-E46F169DA312}.Release|x86.ActiveCfg = Release|x86
		{C5CD7FF9-FB2D-47E1-966B-E46F169DA312}.Release|x86.Build.0 = Release|x86
		{7166FFDD-5F5E-4DE4-A6CE-684F71021FC8}.Debug|Any CPU.ActiveCfg = Debug|Any CPU
		{7166FFDD-5F5E-4DE4-A6CE-684F71021FC8}.Debug|Any CPU.Build.0 = Debug|Any CPU
		{7166FFDD-5F5E-4DE4-A6CE-684F71021FC8}.Debug|Mixed Platforms.ActiveCfg = Debug|Any CPU
		{7166FFDD-5F5E-4DE4-A6CE-684F71021FC8}.Debug|Mixed Platforms.Build.0 = Debug|Any CPU
		{7166FFDD-5F5E-4DE4-A6CE-684F71021FC8}.Debug|x86.ActiveCfg = Debug|Any CPU
		{7166FFDD-5F5E-4DE4-A6CE-684F71021FC8}.Release|Any CPU.ActiveCfg = Release|Any CPU
		{7166FFDD-5F5E-4DE4-A6CE-684F71021FC8}.Release|Any CPU.Build.0 = Release|Any CPU
		{7166FFDD-5F5E-4DE4-A6CE-684F71021FC8}.Release|Mixed Platforms.ActiveCfg = Release|Any CPU
		{7166FFDD-5F5E-4DE4-A6CE-684F71021FC8}.Release|Mixed Platforms.Build.0 = Release|Any CPU
		{7166FFDD-5F5E-4DE4-A6CE-684F71021FC8}.Release|x86.ActiveCfg = Release|Any CPU
		{8B1FBC09-397E-4EE7-BF92-4AFDBA3D9F6E}.Debug|Any CPU.ActiveCfg = Debug|Any CPU
		{8B1FBC09-397E-4EE7-BF92-4AFDBA3D9F6E}.Debug|Any CPU.Build.0 = Debug|Any CPU
		{8B1FBC09-397E-4EE7-BF92-4AFDBA3D9F6E}.Debug|Mixed Platforms.ActiveCfg = Debug|Any CPU
		{8B1FBC09-397E-4EE7-BF92-4AFDBA3D9F6E}.Debug|Mixed Platforms.Build.0 = Debug|Any CPU
		{8B1FBC09-397E-4EE7-BF92-4AFDBA3D9F6E}.Debug|x86.ActiveCfg = Debug|Any CPU
		{8B1FBC09-397E-4EE7-BF92-4AFDBA3D9F6E}.Release|Any CPU.ActiveCfg = Release|Any CPU
		{8B1FBC09-397E-4EE7-BF92-4AFDBA3D9F6E}.Release|Any CPU.Build.0 = Release|Any CPU
		{8B1FBC09-397E-4EE7-BF92-4AFDBA3D9F6E}.Release|Mixed Platforms.ActiveCfg = Release|Any CPU
		{8B1FBC09-397E-4EE7-BF92-4AFDBA3D9F6E}.Release|Mixed Platforms.Build.0 = Release|Any CPU
		{8B1FBC09-397E-4EE7-BF92-4AFDBA3D9F6E}.Release|x86.ActiveCfg = Release|Any CPU
		{6CBA8F35-E6F4-4A6D-876F-38EA9DE4649A}.Debug|Any CPU.ActiveCfg = Debug|Any CPU
		{6CBA8F35-E6F4-4A6D-876F-38EA9DE4649A}.Debug|Any CPU.Build.0 = Debug|Any CPU
		{6CBA8F35-E6F4-4A6D-876F-38EA9DE4649A}.Debug|Mixed Platforms.ActiveCfg = Debug|Any CPU
		{6CBA8F35-E6F4-4A6D-876F-38EA9DE4649A}.Debug|Mixed Platforms.Build.0 = Debug|Any CPU
		{6CBA8F35-E6F4-4A6D-876F-38EA9DE4649A}.Debug|x86.ActiveCfg = Debug|Any CPU
		{6CBA8F35-E6F4-4A6D-876F-38EA9DE4649A}.Release|Any CPU.ActiveCfg = Release|Any CPU
		{6CBA8F35-E6F4-4A6D-876F-38EA9DE4649A}.Release|Any CPU.Build.0 = Release|Any CPU
		{6CBA8F35-E6F4-4A6D-876F-38EA9DE4649A}.Release|Mixed Platforms.ActiveCfg = Release|Any CPU
		{6CBA8F35-E6F4-4A6D-876F-38EA9DE4649A}.Release|Mixed Platforms.Build.0 = Release|Any CPU
		{6CBA8F35-E6F4-4A6D-876F-38EA9DE4649A}.Release|x86.ActiveCfg = Release|Any CPU
		{87C3C98E-3F1A-4BAF-968B-53F5AF6231AE}.Debug|Any CPU.ActiveCfg = Debug|Any CPU
		{87C3C98E-3F1A-4BAF-968B-53F5AF6231AE}.Debug|Any CPU.Build.0 = Debug|Any CPU
		{87C3C98E-3F1A-4BAF-968B-53F5AF6231AE}.Debug|Mixed Platforms.ActiveCfg = Debug|Any CPU
		{87C3C98E-3F1A-4BAF-968B-53F5AF6231AE}.Debug|Mixed Platforms.Build.0 = Debug|Any CPU
		{87C3C98E-3F1A-4BAF-968B-53F5AF6231AE}.Debug|x86.ActiveCfg = Debug|Any CPU
		{87C3C98E-3F1A-4BAF-968B-53F5AF6231AE}.Release|Any CPU.ActiveCfg = Release|Any CPU
		{87C3C98E-3F1A-4BAF-968B-53F5AF6231AE}.Release|Any CPU.Build.0 = Release|Any CPU
		{87C3C98E-3F1A-4BAF-968B-53F5AF6231AE}.Release|Mixed Platforms.ActiveCfg = Release|Any CPU
		{87C3C98E-3F1A-4BAF-968B-53F5AF6231AE}.Release|Mixed Platforms.Build.0 = Release|Any CPU
		{87C3C98E-3F1A-4BAF-968B-53F5AF6231AE}.Release|x86.ActiveCfg = Release|Any CPU
		{0E6C87C5-1FFE-4A61-A7DA-6D5D4F8CE98F}.Debug|Any CPU.ActiveCfg = Debug|Any CPU
		{0E6C87C5-1FFE-4A61-A7DA-6D5D4F8CE98F}.Debug|Any CPU.Build.0 = Debug|Any CPU
		{0E6C87C5-1FFE-4A61-A7DA-6D5D4F8CE98F}.Debug|Mixed Platforms.ActiveCfg = Debug|Any CPU
		{0E6C87C5-1FFE-4A61-A7DA-6D5D4F8CE98F}.Debug|Mixed Platforms.Build.0 = Debug|Any CPU
		{0E6C87C5-1FFE-4A61-A7DA-6D5D4F8CE98F}.Debug|x86.ActiveCfg = Debug|Any CPU
		{0E6C87C5-1FFE-4A61-A7DA-6D5D4F8CE98F}.Release|Any CPU.ActiveCfg = Release|Any CPU
		{0E6C87C5-1FFE-4A61-A7DA-6D5D4F8CE98F}.Release|Any CPU.Build.0 = Release|Any CPU
		{0E6C87C5-1FFE-4A61-A7DA-6D5D4F8CE98F}.Release|Mixed Platforms.ActiveCfg = Release|Any CPU
		{0E6C87C5-1FFE-4A61-A7DA-6D5D4F8CE98F}.Release|Mixed Platforms.Build.0 = Release|Any CPU
		{0E6C87C5-1FFE-4A61-A7DA-6D5D4F8CE98F}.Release|x86.ActiveCfg = Release|Any CPU
		{C10413A3-CBD9-4896-A90D-D6CD3D001588}.Debug|Any CPU.ActiveCfg = Debug|x86
		{C10413A3-CBD9-4896-A90D-D6CD3D001588}.Debug|Any CPU.Build.0 = Debug|x86
		{C10413A3-CBD9-4896-A90D-D6CD3D001588}.Debug|Mixed Platforms.ActiveCfg = Debug|x86
		{C10413A3-CBD9-4896-A90D-D6CD3D001588}.Debug|Mixed Platforms.Build.0 = Debug|x86
		{C10413A3-CBD9-4896-A90D-D6CD3D001588}.Debug|x86.ActiveCfg = Debug|x86
		{C10413A3-CBD9-4896-A90D-D6CD3D001588}.Debug|x86.Build.0 = Debug|x86
		{C10413A3-CBD9-4896-A90D-D6CD3D001588}.Release|Any CPU.ActiveCfg = Release|x86
		{C10413A3-CBD9-4896-A90D-D6CD3D001588}.Release|Mixed Platforms.ActiveCfg = Release|x86
		{C10413A3-CBD9-4896-A90D-D6CD3D001588}.Release|Mixed Platforms.Build.0 = Release|x86
		{C10413A3-CBD9-4896-A90D-D6CD3D001588}.Release|x86.ActiveCfg = Release|x86
		{C10413A3-CBD9-4896-A90D-D6CD3D001588}.Release|x86.Build.0 = Release|x86
		{54370DC7-8F9C-465A-B1D5-5E6ACC01BBC3}.Debug|Any CPU.ActiveCfg = Debug|x86
		{54370DC7-8F9C-465A-B1D5-5E6ACC01BBC3}.Debug|Mixed Platforms.ActiveCfg = Debug|x86
		{54370DC7-8F9C-465A-B1D5-5E6ACC01BBC3}.Debug|Mixed Platforms.Build.0 = Debug|x86
		{54370DC7-8F9C-465A-B1D5-5E6ACC01BBC3}.Debug|x86.ActiveCfg = Debug|x86
		{54370DC7-8F9C-465A-B1D5-5E6ACC01BBC3}.Debug|x86.Build.0 = Debug|x86
		{54370DC7-8F9C-465A-B1D5-5E6ACC01BBC3}.Release|Any CPU.ActiveCfg = Release|x86
		{54370DC7-8F9C-465A-B1D5-5E6ACC01BBC3}.Release|Mixed Platforms.ActiveCfg = Release|x86
		{54370DC7-8F9C-465A-B1D5-5E6ACC01BBC3}.Release|Mixed Platforms.Build.0 = Release|x86
		{54370DC7-8F9C-465A-B1D5-5E6ACC01BBC3}.Release|x86.ActiveCfg = Release|x86
		{54370DC7-8F9C-465A-B1D5-5E6ACC01BBC3}.Release|x86.Build.0 = Release|x86
		{B723D70B-0229-47B5-9291-DDF30206803C}.Debug|Any CPU.ActiveCfg = Debug|x86
		{B723D70B-0229-47B5-9291-DDF30206803C}.Debug|Mixed Platforms.ActiveCfg = Debug|x86
		{B723D70B-0229-47B5-9291-DDF30206803C}.Debug|Mixed Platforms.Build.0 = Debug|x86
		{B723D70B-0229-47B5-9291-DDF30206803C}.Debug|x86.ActiveCfg = Debug|x86
		{B723D70B-0229-47B5-9291-DDF30206803C}.Debug|x86.Build.0 = Debug|x86
		{B723D70B-0229-47B5-9291-DDF30206803C}.Release|Any CPU.ActiveCfg = Release|x86
		{B723D70B-0229-47B5-9291-DDF30206803C}.Release|Mixed Platforms.ActiveCfg = Release|x86
		{B723D70B-0229-47B5-9291-DDF30206803C}.Release|Mixed Platforms.Build.0 = Release|x86
		{B723D70B-0229-47B5-9291-DDF30206803C}.Release|x86.ActiveCfg = Release|x86
		{B723D70B-0229-47B5-9291-DDF30206803C}.Release|x86.Build.0 = Release|x86
		{8FBEB4D4-6130-4306-9D54-BB52E0CDA418}.Debug|Any CPU.ActiveCfg = Debug|Any CPU
		{8FBEB4D4-6130-4306-9D54-BB52E0CDA418}.Debug|Any CPU.Build.0 = Debug|Any CPU
		{8FBEB4D4-6130-4306-9D54-BB52E0CDA418}.Debug|Mixed Platforms.ActiveCfg = Debug|Any CPU
		{8FBEB4D4-6130-4306-9D54-BB52E0CDA418}.Debug|Mixed Platforms.Build.0 = Debug|Any CPU
		{8FBEB4D4-6130-4306-9D54-BB52E0CDA418}.Debug|x86.ActiveCfg = Debug|Any CPU
		{8FBEB4D4-6130-4306-9D54-BB52E0CDA418}.Debug|x86.Build.0 = Debug|Any CPU
		{8FBEB4D4-6130-4306-9D54-BB52E0CDA418}.Release|Any CPU.ActiveCfg = Release|Any CPU
		{8FBEB4D4-6130-4306-9D54-BB52E0CDA418}.Release|Any CPU.Build.0 = Release|Any CPU
		{8FBEB4D4-6130-4306-9D54-BB52E0CDA418}.Release|Mixed Platforms.ActiveCfg = Release|Any CPU
		{8FBEB4D4-6130-4306-9D54-BB52E0CDA418}.Release|Mixed Platforms.Build.0 = Release|Any CPU
		{8FBEB4D4-6130-4306-9D54-BB52E0CDA418}.Release|x86.ActiveCfg = Release|Any CPU
		{8FBEB4D4-6130-4306-9D54-BB52E0CDA418}.Release|x86.Build.0 = Release|Any CPU
	EndGlobalSection
	GlobalSection(SolutionProperties) = preSolution
		HideSolutionNode = FALSE
	EndGlobalSection
	GlobalSection(NestedProjects) = preSolution
		{3A7D554D-1255-40EC-B899-2A53FD2B3192} = {6C9C88E7-7A2A-43A3-A6FC-88F8FE787691}
		{C1C55A0D-4EA6-412C-8327-6A6B20FA21BB} = {6C9C88E7-7A2A-43A3-A6FC-88F8FE787691}
		{804C864A-7855-40C9-8F5A-B5493E11F524} = {6C9C88E7-7A2A-43A3-A6FC-88F8FE787691}
		{E2FD571B-A9CC-40C3-A7FE-C205990D9EDC} = {6C9C88E7-7A2A-43A3-A6FC-88F8FE787691}
		{6F242EA5-420C-49A1-A539-563C133A5214} = {6C9C88E7-7A2A-43A3-A6FC-88F8FE787691}
		{81AE7B79-72B2-4849-B564-C30C4EF02F4C} = {6C9C88E7-7A2A-43A3-A6FC-88F8FE787691}
		{152B3524-65C9-4C12-96BF-E99A7DFB5A0F} = {B3D78097-ADD5-40FB-B6ED-BCEEE381210F}
		{333B5704-9A49-4FBA-A541-BD8AFD2C0583} = {B3D78097-ADD5-40FB-B6ED-BCEEE381210F}
		{ADCCA630-9048-457F-A296-000C3286C104} = {B3D78097-ADD5-40FB-B6ED-BCEEE381210F}
		{1D16B1B1-E6F3-4A28-9505-F9BE211E65C7} = {B3D78097-ADD5-40FB-B6ED-BCEEE381210F}
		{06DFDD36-3988-4A62-893E-63C3F045A166} = {B3D78097-ADD5-40FB-B6ED-BCEEE381210F}
		{5EA8ABF0-C091-43C6-B5DB-D6811C8BBA79} = {B3D78097-ADD5-40FB-B6ED-BCEEE381210F}
		{CC66877D-1318-489F-A26C-6B4E035C3846} = {125EB2D9-1EB5-4A3D-BBC8-0BFE3E9B0A01}
		{B62A8E47-F267-42D6-8A71-775C36A43EA1} = {125EB2D9-1EB5-4A3D-BBC8-0BFE3E9B0A01}
		{F842397F-EDFE-41C6-854F-02C6981CBE8B} = {125EB2D9-1EB5-4A3D-BBC8-0BFE3E9B0A01}
		{448CEA7A-BBFF-4C99-8620-A425DB35373F} = {125EB2D9-1EB5-4A3D-BBC8-0BFE3E9B0A01}
		{5240BE91-C458-43E6-A9BF-57CFCDD68AC0} = {125EB2D9-1EB5-4A3D-BBC8-0BFE3E9B0A01}
		{2CBC6E3C-8051-4384-B66E-6918530E5E55} = {125EB2D9-1EB5-4A3D-BBC8-0BFE3E9B0A01}
		{536C05E2-0739-4539-BC0E-58D3CC983F7A} = {125EB2D9-1EB5-4A3D-BBC8-0BFE3E9B0A01}
		{EDE21CF4-187D-44B1-B0E3-5189F0C9C8EC} = {125EB2D9-1EB5-4A3D-BBC8-0BFE3E9B0A01}
		{D8D0E9AC-83E6-4EFF-9CE8-ADBC1CB8FBC2} = {125EB2D9-1EB5-4A3D-BBC8-0BFE3E9B0A01}
		{6546DB92-03A3-4690-B60F-322D1B4F5660} = {63FFDA7B-6E07-4E4B-A096-88D5925126E2}
		{20D023A0-3B04-4331-9865-C162CD3EE61E} = {63FFDA7B-6E07-4E4B-A096-88D5925126E2}
		{B9DE9CFF-D84E-4BF9-A615-CF7F4519F139} = {F0889911-4D87-4708-A948-B2869CC3B8A5}
		{6ECA3D2E-3F31-4EB2-AB38-CD4E1D4ABEE9} = {362DE052-0617-4DB4-AECD-1AA8DD42A90D}
		{181FE707-E161-4722-9F38-6AAAB6FAA106} = {362DE052-0617-4DB4-AECD-1AA8DD42A90D}
		{B2AC0627-5D46-4CD4-9C3E-C79B99743C2E} = {90466E26-24E9-423D-BFB5-75CFA6DF1372}
		{9DC40309-C743-477E-B319-C47FA0875759} = {0AAC568F-AC91-4527-AFA8-881D0800EF59}
		{30B2DE94-CA85-4FFC-97BA-4E681E807400} = {0AAC568F-AC91-4527-AFA8-881D0800EF59}
		{58BC70F0-3FF6-4095-87AC-08A4B7C00F58} = {0AAC568F-AC91-4527-AFA8-881D0800EF59}
		{9BB55927-8255-4CE3-9384-22670BFDAE5E} = {0AAC568F-AC91-4527-AFA8-881D0800EF59}
		{C5CD7FF9-FB2D-47E1-966B-E46F169DA312} = {0AAC568F-AC91-4527-AFA8-881D0800EF59}
		{7166FFDD-5F5E-4DE4-A6CE-684F71021FC8} = {125EB2D9-1EB5-4A3D-BBC8-0BFE3E9B0A01}
		{8B1FBC09-397E-4EE7-BF92-4AFDBA3D9F6E} = {0AAC568F-AC91-4527-AFA8-881D0800EF59}
		{6CBA8F35-E6F4-4A6D-876F-38EA9DE4649A} = {0AAC568F-AC91-4527-AFA8-881D0800EF59}
		{87C3C98E-3F1A-4BAF-968B-53F5AF6231AE} = {0AAC568F-AC91-4527-AFA8-881D0800EF59}
		{0E6C87C5-1FFE-4A61-A7DA-6D5D4F8CE98F} = {0DF4B5B7-23C2-4C1F-B8D7-4A74E3BCED6F}
		{C10413A3-CBD9-4896-A90D-D6CD3D001588} = {0AAC568F-AC91-4527-AFA8-881D0800EF59}
		{54370DC7-8F9C-465A-B1D5-5E6ACC01BBC3} = {125EB2D9-1EB5-4A3D-BBC8-0BFE3E9B0A01}
		{B723D70B-0229-47B5-9291-DDF30206803C} = {125EB2D9-1EB5-4A3D-BBC8-0BFE3E9B0A01}
		{8FBEB4D4-6130-4306-9D54-BB52E0CDA418} = {0AAC568F-AC91-4527-AFA8-881D0800EF59}
	EndGlobalSection
EndGlobal
